
Microsoft Visual Studio Solution File, Format Version 12.00
# Visual Studio Version 16
VisualStudioVersion = 16.0.29215.179
MinimumVisualStudioVersion = 10.0.40219.1
Project("{2150E333-8FDC-42A3-9474-1A3956D46DE8}") = "Tests", "Tests", "{3627B6B6-079F-48A5-B06F-EE1D3BEB4470}"
EndProject
Project("{2150E333-8FDC-42A3-9474-1A3956D46DE8}") = "Source", "Source", "{BCF6C926-08D3-4921-9F11-94A116F6517B}"
EndProject
Project("{FAE04EC0-301F-11D3-BF4B-00C04F79EFBC}") = "TokenizerNet.Core", "TokenizerNet.Core\TokenizerNet.Core.csproj", "{831A7177-918F-4752-84DE-64430E77A1BB}"
EndProject
Project("{FAE04EC0-301F-11D3-BF4B-00C04F79EFBC}") = "TokenizerNet.Abstractions", "TokenizerNet.Abstractions\TokenizerNet.Abstractions.csproj", "{D6E5C434-46F8-447C-B91F-EE07414AB294}"
EndProject
Project("{FAE04EC0-301F-11D3-BF4B-00C04F79EFBC}") = "TokenizerNet.Implementations", "TokenizerNet.Implementations\TokenizerNet.Implementations.csproj", "{9A257C9A-6206-47B1-8A70-03C71CC18AA4}"
EndProject
Global
	GlobalSection(SolutionConfigurationPlatforms) = preSolution
		Debug|Any CPU = Debug|Any CPU
		Release|Any CPU = Release|Any CPU
	EndGlobalSection
	GlobalSection(ProjectConfigurationPlatforms) = postSolution
		{831A7177-918F-4752-84DE-64430E77A1BB}.Debug|Any CPU.ActiveCfg = Debug|Any CPU
		{831A7177-918F-4752-84DE-64430E77A1BB}.Debug|Any CPU.Build.0 = Debug|Any CPU
		{831A7177-918F-4752-84DE-64430E77A1BB}.Release|Any CPU.ActiveCfg = Release|Any CPU
		{831A7177-918F-4752-84DE-64430E77A1BB}.Release|Any CPU.Build.0 = Release|Any CPU
		{D6E5C434-46F8-447C-B91F-EE07414AB294}.Debug|Any CPU.ActiveCfg = Debug|Any CPU
		{D6E5C434-46F8-447C-B91F-EE07414AB294}.Debug|Any CPU.Build.0 = Debug|Any CPU
		{D6E5C434-46F8-447C-B91F-EE07414AB294}.Release|Any CPU.ActiveCfg = Release|Any CPU
		{D6E5C434-46F8-447C-B91F-EE07414AB294}.Release|Any CPU.Build.0 = Release|Any CPU
		{9A257C9A-6206-47B1-8A70-03C71CC18AA4}.Debug|Any CPU.ActiveCfg = Debug|Any CPU
		{9A257C9A-6206-47B1-8A70-03C71CC18AA4}.Debug|Any CPU.Build.0 = Debug|Any CPU
		{9A257C9A-6206-47B1-8A70-03C71CC18AA4}.Release|Any CPU.ActiveCfg = Release|Any CPU
		{9A257C9A-6206-47B1-8A70-03C71CC18AA4}.Release|Any CPU.Build.0 = Release|Any CPU
	EndGlobalSection
	GlobalSection(SolutionProperties) = preSolution
		HideSolutionNode = FALSE
	EndGlobalSection
	GlobalSection(NestedProjects) = preSolution
		{831A7177-918F-4752-84DE-64430E77A1BB} = {BCF6C926-08D3-4921-9F11-94A116F6517B}
		{D6E5C434-46F8-447C-B91F-EE07414AB294} = {BCF6C926-08D3-4921-9F11-94A116F6517B}
		{9A257C9A-6206-47B1-8A70-03C71CC18AA4} = {BCF6C926-08D3-4921-9F11-94A116F6517B}
	EndGlobalSection
	GlobalSection(ExtensibilityGlobals) = postSolution
		SolutionGuid = {436543B4-1533-4D2F-A5F9-E0B0C5A20EF4}
	EndGlobalSection
EndGlobal
